
Microsoft Visual Studio Solution File, Format Version 12.00
# Visual Studio Version 17
VisualStudioVersion = 17.0.31903.59
MinimumVisualStudioVersion = 10.0.40219.1
Project("{FAE04EC0-301F-11D3-BF4B-00C04F79EFBC}") = "LanPower.Shared", "LanPower.Shared\LanPower.Shared.csproj", "{0E02D7A5-C441-4F9D-A2A5-BAB50D80E499}"
EndProject
Project("{FAE04EC0-301F-11D3-BF4B-00C04F79EFBC}") = "LanPower.Service", "LanPower.Service\LanPower.Service.csproj", "{6C4171AB-E1D7-42D1-8050-35FCED20561A}"
EndProject
Project("{FAE04EC0-301F-11D3-BF4B-00C04F79EFBC}") = "LanPower.Desktop", "LanPower.Desktop\LanPower.Desktop.csproj", "{FA51348C-9251-4D6F-AA82-F6344C5A99AC}"
EndProject
Project("{FAE04EC0-301F-11D3-BF4B-00C04F79EFBC}") = "LanPower.Tests", "LanPower.Tests\LanPower.Tests.csproj", "{DC0A4355-739A-4942-B685-589C57A2849E}"
EndProject
Project("{FAE04EC0-301F-11D3-BF4B-00C04F79EFBC}") = "LanPower.UnitTests", "LanPower.UnitTests\LanPower.UnitTests.csproj", "{AE6B003F-7AAB-4FE2-B9F8-032A4CEC60DF}"
EndProject
Project("{FAE04EC0-301F-11D3-BF4B-00C04F79EFBC}") = "LanPower.Desktop.Tests", "LanPower.Desktop.Tests\LanPower.Desktop.Tests.csproj", "{552A477A-8FD6-4ADF-B7DA-843A4510C04F}"
EndProject
Project("{FAE04EC0-301F-11D3-BF4B-00C04F79EFBC}") = "LanPower.CodexHost", "LanPower.CodexHost\LanPower.CodexHost.csproj", "{6DE55135-6747-4B58-B269-56F2BE915229}"
EndProject
Project("{FAE04EC0-301F-11D3-BF4B-00C04F79EFBC}") = "LanPower.FakeCodex", "LanPower.FakeCodex\LanPower.FakeCodex.csproj", "{CC83C2EF-A638-491B-805F-9244C6279813}"
EndProject
Project("{FAE04EC0-301F-11D3-BF4B-00C04F79EFBC}") = "LanPower.CodexServer", "LanPower.CodexServer\LanPower.CodexServer.csproj", "{5F3BADF9-0F19-4E30-A4A5-C75F9365D381}"
EndProject
Global
	GlobalSection(SolutionConfigurationPlatforms) = preSolution
		Debug|Any CPU = Debug|Any CPU
		Debug|x64 = Debug|x64
		Debug|x86 = Debug|x86
		Release|Any CPU = Release|Any CPU
		Release|x64 = Release|x64
		Release|x86 = Release|x86
	EndGlobalSection
	GlobalSection(ProjectConfigurationPlatforms) = postSolution
		{0E02D7A5-C441-4F9D-A2A5-BAB50D80E499}.Debug|Any CPU.ActiveCfg = Debug|Any CPU
		{0E02D7A5-C441-4F9D-A2A5-BAB50D80E499}.Debug|Any CPU.Build.0 = Debug|Any CPU
		{0E02D7A5-C441-4F9D-A2A5-BAB50D80E499}.Debug|x64.ActiveCfg = Debug|Any CPU
		{0E02D7A5-C441-4F9D-A2A5-BAB50D80E499}.Debug|x64.Build.0 = Debug|Any CPU
		{0E02D7A5-C441-4F9D-A2A5-BAB50D80E499}.Debug|x86.ActiveCfg = Debug|Any CPU
		{0E02D7A5-C441-4F9D-A2A5-BAB50D80E499}.Debug|x86.Build.0 = Debug|Any CPU
		{0E02D7A5-C441-4F9D-A2A5-BAB50D80E499}.Release|Any CPU.ActiveCfg = Release|Any CPU
		{0E02D7A5-C441-4F9D-A2A5-BAB50D80E499}.Release|Any CPU.Build.0 = Release|Any CPU
		{0E02D7A5-C441-4F9D-A2A5-BAB50D80E499}.Release|x64.ActiveCfg = Release|Any CPU
		{0E02D7A5-C441-4F9D-A2A5-BAB50D80E499}.Release|x64.Build.0 = Release|Any CPU
		{0E02D7A5-C441-4F9D-A2A5-BAB50D80E499}.Release|x86.ActiveCfg = Release|Any CPU
		{0E02D7A5-C441-4F9D-A2A5-BAB50D80E499}.Release|x86.Build.0 = Release|Any CPU
		{6C4171AB-E1D7-42D1-8050-35FCED20561A}.Debug|Any CPU.ActiveCfg = Debug|Any CPU
		{6C4171AB-E1D7-42D1-8050-35FCED20561A}.Debug|Any CPU.Build.0 = Debug|Any CPU
		{6C4171AB-E1D7-42D1-8050-35FCED20561A}.Debug|x64.ActiveCfg = Debug|Any CPU
		{6C4171AB-E1D7-42D1-8050-35FCED20561A}.Debug|x64.Build.0 = Debug|Any CPU
		{6C4171AB-E1D7-42D1-8050-35FCED20561A}.Debug|x86.ActiveCfg = Debug|Any CPU
		{6C4171AB-E1D7-42D1-8050-35FCED20561A}.Debug|x86.Build.0 = Debug|Any CPU
		{6C4171AB-E1D7-42D1-8050-35FCED20561A}.Release|Any CPU.ActiveCfg = Release|Any CPU
		{6C4171AB-E1D7-42D1-8050-35FCED20561A}.Release|Any CPU.Build.0 = Release|Any CPU
		{6C4171AB-E1D7-42D1-8050-35FCED20561A}.Release|x64.ActiveCfg = Release|Any CPU
		{6C4171AB-E1D7-42D1-8050-35FCED20561A}.Release|x64.Build.0 = Release|Any CPU
		{6C4171AB-E1D7-42D1-8050-35FCED20561A}.Release|x86.ActiveCfg = Release|Any CPU
		{6C4171AB-E1D7-42D1-8050-35FCED20561A}.Release|x86.Build.0 = Release|Any CPU
		{FA51348C-9251-4D6F-AA82-F6344C5A99AC}.Debug|Any CPU.ActiveCfg = Debug|Any CPU
		{FA51348C-9251-4D6F-AA82-F6344C5A99AC}.Debug|Any CPU.Build.0 = Debug|Any CPU
		{FA51348C-9251-4D6F-AA82-F6344C5A99AC}.Debug|x64.ActiveCfg = Debug|Any CPU
		{FA51348C-9251-4D6F-AA82-F6344C5A99AC}.Debug|x64.Build.0 = Debug|Any CPU
		{FA51348C-9251-4D6F-AA82-F6344C5A99AC}.Debug|x86.ActiveCfg = Debug|Any CPU
		{FA51348C-9251-4D6F-AA82-F6344C5A99AC}.Debug|x86.Build.0 = Debug|Any CPU
		{FA51348C-9251-4D6F-AA82-F6344C5A99AC}.Release|Any CPU.ActiveCfg = Release|Any CPU
		{FA51348C-9251-4D6F-AA82-F6344C5A99AC}.Release|Any CPU.Build.0 = Release|Any CPU
		{FA51348C-9251-4D6F-AA82-F6344C5A99AC}.Release|x64.ActiveCfg = Release|Any CPU
		{FA51348C-9251-4D6F-AA82-F6344C5A99AC}.Release|x64.Build.0 = Release|Any CPU
		{FA51348C-9251-4D6F-AA82-F6344C5A99AC}.Release|x86.ActiveCfg = Release|Any CPU
		{FA51348C-9251-4D6F-AA82-F6344C5A99AC}.Release|x86.Build.0 = Release|Any CPU
		{DC0A4355-739A-4942-B685-589C57A2849E}.Debug|Any CPU.ActiveCfg = Debug|Any CPU
		{DC0A4355-739A-4942-B685-589C57A2849E}.Debug|Any CPU.Build.0 = Debug|Any CPU
		{DC0A4355-739A-4942-B685-589C57A2849E}.Debug|x64.ActiveCfg = Debug|Any CPU
		{DC0A4355-739A-4942-B685-589C57A2849E}.Debug|x64.Build.0 = Debug|Any CPU
		{DC0A4355-739A-4942-B685-589C57A2849E}.Debug|x86.ActiveCfg = Debug|Any CPU
		{DC0A4355-739A-4942-B685-589C57A2849E}.Debug|x86.Build.0 = Debug|Any CPU
		{DC0A4355-739A-4942-B685-589C57A2849E}.Release|Any CPU.ActiveCfg = Release|Any CPU
		{DC0A4355-739A-4942-B685-589C57A2849E}.Release|Any CPU.Build.0 = Release|Any CPU
		{DC0A4355-739A-4942-B685-589C57A2849E}.Release|x64.ActiveCfg = Release|Any CPU
		{DC0A4355-739A-4942-B685-589C57A2849E}.Release|x64.Build.0 = Release|Any CPU
		{DC0A4355-739A-4942-B685-589C57A2849E}.Release|x86.ActiveCfg = Release|Any CPU
		{DC0A4355-739A-4942-B685-589C57A2849E}.Release|x86.Build.0 = Release|Any CPU
		{AE6B003F-7AAB-4FE2-B9F8-032A4CEC60DF}.Debug|Any CPU.ActiveCfg = Debug|Any CPU
		{AE6B003F-7AAB-4FE2-B9F8-032A4CEC60DF}.Debug|Any CPU.Build.0 = Debug|Any CPU
		{AE6B003F-7AAB-4FE2-B9F8-032A4CEC60DF}.Debug|x64.ActiveCfg = Debug|Any CPU
		{AE6B003F-7AAB-4FE2-B9F8-032A4CEC60DF}.Debug|x64.Build.0 = Debug|Any CPU
		{AE6B003F-7AAB-4FE2-B9F8-032A4CEC60DF}.Debug|x86.ActiveCfg = Debug|Any CPU
		{AE6B003F-7AAB-4FE2-B9F8-032A4CEC60DF}.Debug|x86.Build.0 = Debug|Any CPU
		{AE6B003F-7AAB-4FE2-B9F8-032A4CEC60DF}.Release|Any CPU.ActiveCfg = Release|Any CPU
		{AE6B003F-7AAB-4FE2-B9F8-032A4CEC60DF}.Release|Any CPU.Build.0 = Release|Any CPU
		{AE6B003F-7AAB-4FE2-B9F8-032A4CEC60DF}.Release|x64.ActiveCfg = Release|Any CPU
		{AE6B003F-7AAB-4FE2-B9F8-032A4CEC60DF}.Release|x64.Build.0 = Release|Any CPU
		{AE6B003F-7AAB-4FE2-B9F8-032A4CEC60DF}.Release|x86.ActiveCfg = Release|Any CPU
		{AE6B003F-7AAB-4FE2-B9F8-032A4CEC60DF}.Release|x86.Build.0 = Release|Any CPU
		{552A477A-8FD6-4ADF-B7DA-843A4510C04F}.Debug|Any CPU.ActiveCfg = Debug|Any CPU
		{552A477A-8FD6-4ADF-B7DA-843A4510C04F}.Debug|Any CPU.Build.0 = Debug|Any CPU
		{552A477A-8FD6-4ADF-B7DA-843A4510C04F}.Debug|x64.ActiveCfg = Debug|Any CPU
		{552A477A-8FD6-4ADF-B7DA-843A4510C04F}.Debug|x64.Build.0 = Debug|Any CPU
		{552A477A-8FD6-4ADF-B7DA-843A4510C04F}.Debug|x86.ActiveCfg = Debug|Any CPU
		{552A477A-8FD6-4ADF-B7DA-843A4510C04F}.Debug|x86.Build.0 = Debug|Any CPU
		{552A477A-8FD6-4ADF-B7DA-843A4510C04F}.Release|Any CPU.ActiveCfg = Release|Any CPU
		{552A477A-8FD6-4ADF-B7DA-843A4510C04F}.Release|Any CPU.Build.0 = Release|Any CPU
		{552A477A-8FD6-4ADF-B7DA-843A4510C04F}.Release|x64.ActiveCfg = Release|Any CPU
		{552A477A-8FD6-4ADF-B7DA-843A4510C04F}.Release|x64.Build.0 = Release|Any CPU
		{552A477A-8FD6-4ADF-B7DA-843A4510C04F}.Release|x86.ActiveCfg = Release|Any CPU
		{552A477A-8FD6-4ADF-B7DA-843A4510C04F}.Release|x86.Build.0 = Release|Any CPU
		{6DE55135-6747-4B58-B269-56F2BE915229}.Debug|Any CPU.ActiveCfg = Debug|Any CPU
		{6DE55135-6747-4B58-B269-56F2BE915229}.Debug|Any CPU.Build.0 = Debug|Any CPU
		{6DE55135-6747-4B58-B269-56F2BE915229}.Debug|x64.ActiveCfg = Debug|Any CPU
		{6DE55135-6747-4B58-B269-56F2BE915229}.Debug|x64.Build.0 = Debug|Any CPU
		{6DE55135-6747-4B58-B269-56F2BE915229}.Debug|x86.ActiveCfg = Debug|Any CPU
		{6DE55135-6747-4B58-B269-56F2BE915229}.Debug|x86.Build.0 = Debug|Any CPU
		{6DE55135-6747-4B58-B269-56F2BE915229}.Release|Any CPU.ActiveCfg = Release|Any CPU
		{6DE55135-6747-4B58-B269-56F2BE915229}.Release|Any CPU.Build.0 = Release|Any CPU
		{6DE55135-6747-4B58-B269-56F2BE915229}.Release|x64.ActiveCfg = Release|Any CPU
		{6DE55135-6747-4B58-B269-56F2BE915229}.Release|x64.Build.0 = Release|Any CPU
		{6DE55135-6747-4B58-B269-56F2BE915229}.Release|x86.ActiveCfg = Release|Any CPU
		{6DE55135-6747-4B58-B269-56F2BE915229}.Release|x86.Build.0 = Release|Any CPU
		{CC83C2EF-A638-491B-805F-9244C6279813}.Debug|Any CPU.ActiveCfg = Debug|Any CPU
		{CC83C2EF-A638-491B-805F-9244C6279813}.Debug|Any CPU.Build.0 = Debug|Any CPU
		{CC83C2EF-A638-491B-805F-9244C6279813}.Debug|x64.ActiveCfg = Debug|Any CPU
		{CC83C2EF-A638-491B-805F-9244C6279813}.Debug|x64.Build.0 = Debug|Any CPU
		{CC83C2EF-A638-491B-805F-9244C6279813}.Debug|x86.ActiveCfg = Debug|Any CPU
		{CC83C2EF-A638-491B-805F-9244C6279813}.Debug|x86.Build.0 = Debug|Any CPU
		{CC83C2EF-A638-491B-805F-9244C6279813}.Release|Any CPU.ActiveCfg = Release|Any CPU
		{CC83C2EF-A638-491B-805F-9244C6279813}.Release|Any CPU.Build.0 = Release|Any CPU
		{CC83C2EF-A638-491B-805F-9244C6279813}.Release|x64.ActiveCfg = Release|Any CPU
		{CC83C2EF-A638-491B-805F-9244C6279813}.Release|x64.Build.0 = Release|Any CPU
		{CC83C2EF-A638-491B-805F-9244C6279813}.Release|x86.ActiveCfg = Release|Any CPU
		{CC83C2EF-A638-491B-805F-9244C6279813}.Release|x86.Build.0 = Release|Any CPU
		{5F3BADF9-0F19-4E30-A4A5-C75F9365D381}.Debug|Any CPU.ActiveCfg = Debug|Any CPU
		{5F3BADF9-0F19-4E30-A4A5-C75F9365D381}.Debug|Any CPU.Build.0 = Debug|Any CPU
		{5F3BADF9-0F19-4E30-A4A5-C75F9365D381}.Debug|x64.ActiveCfg = Debug|Any CPU
		{5F3BADF9-0F19-4E30-A4A5-C75F9365D381}.Debug|x64.Build.0 = Debug|Any CPU
		{5F3BADF9-0F19-4E30-A4A5-C75F9365D381}.Debug|x86.ActiveCfg = Debug|Any CPU
		{5F3BADF9-0F19-4E30-A4A5-C75F9365D381}.Debug|x86.Build.0 = Debug|Any CPU
		{5F3BADF9-0F19-4E30-A4A5-C75F9365D381}.Release|Any CPU.ActiveCfg = Release|Any CPU
		{5F3BADF9-0F19-4E30-A4A5-C75F9365D381}.Release|Any CPU.Build.0 = Release|Any CPU
		{5F3BADF9-0F19-4E30-A4A5-C75F9365D381}.Release|x64.ActiveCfg = Release|Any CPU
		{5F3BADF9-0F19-4E30-A4A5-C75F9365D381}.Release|x64.Build.0 = Release|Any CPU
		{5F3BADF9-0F19-4E30-A4A5-C75F9365D381}.Release|x86.ActiveCfg = Release|Any CPU
		{5F3BADF9-0F19-4E30-A4A5-C75F9365D381}.Release|x86.Build.0 = Release|Any CPU
	EndGlobalSection
	GlobalSection(SolutionProperties) = preSolution
		HideSolutionNode = FALSE
	EndGlobalSection
EndGlobal
